
Microsoft Visual Studio Solution File, Format Version 12.00
# Visual Studio 14
VisualStudioVersion = 14.0.25123.0
MinimumVisualStudioVersion = 10.0.40219.1
Project("{FAE04EC0-301F-11D3-BF4B-00C04F79EFBC}") = "geometry3Sharp", "geometry3Sharp\geometry3Sharp.csproj", "{0C518DDA-28FE-44CA-9AB0-F9773974F13A}"
EndProject
Project("{2150E333-8FDC-42A3-9474-1A3956D46DE8}") = "Solution Items", "Solution Items", "{508067DB-D515-41DD-AD3D-02CBDDB20B82}"
	ProjectSection(SolutionItems) = preProject
		Performance1.psess = Performance1.psess
	EndProjectSection
EndProject
Project("{FAE04EC0-301F-11D3-BF4B-00C04F79EFBC}") = "SliceViewer", "sliceViewGTK\SliceViewer.csproj", "{6348C5CD-6696-4B59-9851-43924A326BD4}"
EndProject
Project("{FAE04EC0-301F-11D3-BF4B-00C04F79EFBC}") = "gsSlicer", "gsSlicer\gsSlicer.csproj", "{6C2E415E-37D9-4C5A-8FD5-60B0133872CF}"
EndProject
Project("{FAE04EC0-301F-11D3-BF4B-00C04F79EFBC}") = "gsGCode", "gsGCode\gsGCode.csproj", "{25DE77C9-14A4-4562-9A24-0BF1E612D9A9}"
EndProject
Project("{FAE04EC0-301F-11D3-BF4B-00C04F79EFBC}") = "clipper_library", "gsSlicer\thirdparty\clipper_library\clipper_library.csproj", "{9B062971-A88E-4A3D-B3C9-12B78D15FA66}"
EndProject
Global
	GlobalSection(SolutionConfigurationPlatforms) = preSolution
		Debug|Any CPU = Debug|Any CPU
		Debug|x64 = Debug|x64
		Debug|x86 = Debug|x86
		Release|Any CPU = Release|Any CPU
		Release|x64 = Release|x64
		Release|x86 = Release|x86
	EndGlobalSection
	GlobalSection(ProjectConfigurationPlatforms) = postSolution
		{0C518DDA-28FE-44CA-9AB0-F9773974F13A}.Debug|Any CPU.ActiveCfg = Debug|Any CPU
		{0C518DDA-28FE-44CA-9AB0-F9773974F13A}.Debug|Any CPU.Build.0 = Debug|Any CPU
		{0C518DDA-28FE-44CA-9AB0-F9773974F13A}.Debug|x64.ActiveCfg = Debug|Any CPU
		{0C518DDA-28FE-44CA-9AB0-F9773974F13A}.Debug|x64.Build.0 = Debug|Any CPU
		{0C518DDA-28FE-44CA-9AB0-F9773974F13A}.Debug|x86.ActiveCfg = Debug|Any CPU
		{0C518DDA-28FE-44CA-9AB0-F9773974F13A}.Debug|x86.Build.0 = Debug|Any CPU
		{0C518DDA-28FE-44CA-9AB0-F9773974F13A}.Release|Any CPU.ActiveCfg = Release|Any CPU
		{0C518DDA-28FE-44CA-9AB0-F9773974F13A}.Release|Any CPU.Build.0 = Release|Any CPU
		{0C518DDA-28FE-44CA-9AB0-F9773974F13A}.Release|x64.ActiveCfg = Release|Any CPU
		{0C518DDA-28FE-44CA-9AB0-F9773974F13A}.Release|x64.Build.0 = Release|Any CPU
		{0C518DDA-28FE-44CA-9AB0-F9773974F13A}.Release|x86.ActiveCfg = Release|Any CPU
		{0C518DDA-28FE-44CA-9AB0-F9773974F13A}.Release|x86.Build.0 = Release|Any CPU
		{6348C5CD-6696-4B59-9851-43924A326BD4}.Debug|Any CPU.ActiveCfg = Debug|x86
		{6348C5CD-6696-4B59-9851-43924A326BD4}.Debug|Any CPU.Build.0 = Debug|x86
		{6348C5CD-6696-4B59-9851-43924A326BD4}.Debug|x64.ActiveCfg = Debug|x86
		{6348C5CD-6696-4B59-9851-43924A326BD4}.Debug|x86.ActiveCfg = Debug|x86
		{6348C5CD-6696-4B59-9851-43924A326BD4}.Debug|x86.Build.0 = Debug|x86
		{6348C5CD-6696-4B59-9851-43924A326BD4}.Release|Any CPU.ActiveCfg = Release|x86
		{6348C5CD-6696-4B59-9851-43924A326BD4}.Release|x64.ActiveCfg = Release|x86
		{6348C5CD-6696-4B59-9851-43924A326BD4}.Release|x86.ActiveCfg = Release|x86
		{6348C5CD-6696-4B59-9851-43924A326BD4}.Release|x86.Build.0 = Release|x86
		{6C2E415E-37D9-4C5A-8FD5-60B0133872CF}.Debug|Any CPU.ActiveCfg = Debug|Any CPU
		{6C2E415E-37D9-4C5A-8FD5-60B0133872CF}.Debug|Any CPU.Build.0 = Debug|Any CPU
		{6C2E415E-37D9-4C5A-8FD5-60B0133872CF}.Debug|x64.ActiveCfg = Debug|Any CPU
		{6C2E415E-37D9-4C5A-8FD5-60B0133872CF}.Debug|x64.Build.0 = Debug|Any CPU
		{6C2E415E-37D9-4C5A-8FD5-60B0133872CF}.Debug|x86.ActiveCfg = Debug|Any CPU
		{6C2E415E-37D9-4C5A-8FD5-60B0133872CF}.Debug|x86.Build.0 = Debug|Any CPU
		{6C2E415E-37D9-4C5A-8FD5-60B0133872CF}.Release|Any CPU.ActiveCfg = Release|Any CPU
		{6C2E415E-37D9-4C5A-8FD5-60B0133872CF}.Release|Any CPU.Build.0 = Release|Any CPU
		{6C2E415E-37D9-4C5A-8FD5-60B0133872CF}.Release|x64.ActiveCfg = Release|Any CPU
		{6C2E415E-37D9-4C5A-8FD5-60B0133872CF}.Release|x64.Build.0 = Release|Any CPU
		{6C2E415E-37D9-4C5A-8FD5-60B0133872CF}.Release|x86.ActiveCfg = Release|Any CPU
		{6C2E415E-37D9-4C5A-8FD5-60B0133872CF}.Release|x86.Build.0 = Release|Any CPU
		{25DE77C9-14A4-4562-9A24-0BF1E612D9A9}.Debug|Any CPU.ActiveCfg = Debug|Any CPU
		{25DE77C9-14A4-4562-9A24-0BF1E612D9A9}.Debug|Any CPU.Build.0 = Debug|Any CPU
		{25DE77C9-14A4-4562-9A24-0BF1E612D9A9}.Debug|x64.ActiveCfg = Debug|Any CPU
		{25DE77C9-14A4-4562-9A24-0BF1E612D9A9}.Debug|x64.Build.0 = Debug|Any CPU
		{25DE77C9-14A4-4562-9A24-0BF1E612D9A9}.Debug|x86.ActiveCfg = Debug|Any CPU
		{25DE77C9-14A4-4562-9A24-0BF1E612D9A9}.Debug|x86.Build.0 = Debug|Any CPU
		{25DE77C9-14A4-4562-9A24-0BF1E612D9A9}.Release|Any CPU.ActiveCfg = Release|Any CPU
		{25DE77C9-14A4-4562-9A24-0BF1E612D9A9}.Release|Any CPU.Build.0 = Release|Any CPU
		{25DE77C9-14A4-4562-9A24-0BF1E612D9A9}.Release|x64.ActiveCfg = Release|Any CPU
		{25DE77C9-14A4-4562-9A24-0BF1E612D9A9}.Release|x64.Build.0 = Release|Any CPU
		{25DE77C9-14A4-4562-9A24-0BF1E612D9A9}.Release|x86.ActiveCfg = Release|Any CPU
		{25DE77C9-14A4-4562-9A24-0BF1E612D9A9}.Release|x86.Build.0 = Release|Any CPU
		{9B062971-A88E-4A3D-B3C9-12B78D15FA66}.Debug|Any CPU.ActiveCfg = Debug|Any CPU
		{9B062971-A88E-4A3D-B3C9-12B78D15FA66}.Debug|Any CPU.Build.0 = Debug|Any CPU
		{9B062971-A88E-4A3D-B3C9-12B78D15FA66}.Debug|x64.ActiveCfg = Debug|Any CPU
		{9B062971-A88E-4A3D-B3C9-12B78D15FA66}.Debug|x64.Build.0 = Debug|Any CPU
		{9B062971-A88E-4A3D-B3C9-12B78D15FA66}.Debug|x86.ActiveCfg = Debug|Any CPU
		{9B062971-A88E-4A3D-B3C9-12B78D15FA66}.Debug|x86.Build.0 = Debug|Any CPU
		{9B062971-A88E-4A3D-B3C9-12B78D15FA66}.Release|Any CPU.ActiveCfg = Release|Any CPU
		{9B062971-A88E-4A3D-B3C9-12B78D15FA66}.Release|Any CPU.Build.0 = Release|Any CPU
		{9B062971-A88E-4A3D-B3C9-12B78D15FA66}.Release|x64.ActiveCfg = Release|Any CPU
		{9B062971-A88E-4A3D-B3C9-12B78D15FA66}.Release|x64.Build.0 = Release|Any CPU
		{9B062971-A88E-4A3D-B3C9-12B78D15FA66}.Release|x86.ActiveCfg = Release|Any CPU
		{9B062971-A88E-4A3D-B3C9-12B78D15FA66}.Release|x86.Build.0 = Release|Any CPU
	EndGlobalSection
	GlobalSection(SolutionProperties) = preSolution
		HideSolutionNode = FALSE
	EndGlobalSection
	GlobalSection(MonoDevelopProperties) = preSolution
		Policies = $0
		$0.DotNetNamingPolicy = $1
		$1.DirectoryNamespaceAssociation = PrefixedHierarchical
	EndGlobalSection
EndGlobal
